// !$*UTF8*$!
{
	archiveVersion = 1;
	classes = {
	};
	objectVersion = 51;
	objects = {

/* Begin PBXBuildFile section */
		12277233EBD876231F9C320A /* Pods_diary.framework in Frameworks */ = {isa = PBXBuildFile; fileRef = D83FEEB7CF003FBA83B8DA93 /* Pods_diary.framework */; };
		630335172614EEAB00E9B303 /* CastomCell.swift in Sources */ = {isa = PBXBuildFile; fileRef = 630335162614EEAB00E9B303 /* CastomCell.swift */; };
		6303351A2614EF1700E9B303 /* extension.swift in Sources */ = {isa = PBXBuildFile; fileRef = 630335192614EF1700E9B303 /* extension.swift */; };
		630335222615110200E9B303 /* CalendarCell.swift in Sources */ = {isa = PBXBuildFile; fileRef = 630335212615110200E9B303 /* CalendarCell.swift */; };
		6303352B261526A200E9B303 /* StorigeManager.swift in Sources */ = {isa = PBXBuildFile; fileRef = 6303352A261526A200E9B303 /* StorigeManager.swift */; };
		6303352E261529E000E9B303 /* NewListViewController.swift in Sources */ = {isa = PBXBuildFile; fileRef = 6303352D261529E000E9B303 /* NewListViewController.swift */; };
		63679D88261385A2009393A2 /* AppDelegate.swift in Sources */ = {isa = PBXBuildFile; fileRef = 63679D87261385A2009393A2 /* AppDelegate.swift */; };
		63679D8A261385A2009393A2 /* SceneDelegate.swift in Sources */ = {isa = PBXBuildFile; fileRef = 63679D89261385A2009393A2 /* SceneDelegate.swift */; };
		63679D8C261385A2009393A2 /* ViewController.swift in Sources */ = {isa = PBXBuildFile; fileRef = 63679D8B261385A2009393A2 /* ViewController.swift */; };
		63679D91261385A4009393A2 /* Assets.xcassets in Resources */ = {isa = PBXBuildFile; fileRef = 63679D90261385A4009393A2 /* Assets.xcassets */; };
		63679D94261385A4009393A2 /* LaunchScreen.storyboard in Resources */ = {isa = PBXBuildFile; fileRef = 63679D92261385A4009393A2 /* LaunchScreen.storyboard */; };
		63679D9E26138C0B009393A2 /*  ListClass.swift in Sources */ = {isa = PBXBuildFile; fileRef = 63679D9D26138C0B009393A2 /*  ListClass.swift */; };
/* End PBXBuildFile section */

/* Begin PBXFileReference section */
		630335162614EEAB00E9B303 /* CastomCell.swift */ = {isa = PBXFileReference; lastKnownFileType = sourcecode.swift; path = CastomCell.swift; sourceTree = "<group>"; };
		630335192614EF1700E9B303 /* extension.swift */ = {isa = PBXFileReference; lastKnownFileType = sourcecode.swift; path = extension.swift; sourceTree = "<group>"; };
		630335212615110200E9B303 /* CalendarCell.swift */ = {isa = PBXFileReference; lastKnownFileType = sourcecode.swift; path = CalendarCell.swift; sourceTree = "<group>"; };
		6303352A261526A200E9B303 /* StorigeManager.swift */ = {isa = PBXFileReference; lastKnownFileType = sourcecode.swift; path = StorigeManager.swift; sourceTree = "<group>"; };
		6303352D261529E000E9B303 /* NewListViewController.swift */ = {isa = PBXFileReference; lastKnownFileType = sourcecode.swift; path = NewListViewController.swift; sourceTree = "<group>"; };
		63679D84261385A2009393A2 /* diary.app */ = {isa = PBXFileReference; explicitFileType = wrapper.application; includeInIndex = 0; path = diary.app; sourceTree = BUILT_PRODUCTS_DIR; };
		63679D87261385A2009393A2 /* AppDelegate.swift */ = {isa = PBXFileReference; lastKnownFileType = sourcecode.swift; path = AppDelegate.swift; sourceTree = "<group>"; };
		63679D89261385A2009393A2 /* SceneDelegate.swift */ = {isa = PBXFileReference; lastKnownFileType = sourcecode.swift; path = SceneDelegate.swift; sourceTree = "<group>"; };
		63679D8B261385A2009393A2 /* ViewController.swift */ = {isa = PBXFileReference; lastKnownFileType = sourcecode.swift; path = ViewController.swift; sourceTree = "<group>"; };
		63679D90261385A4009393A2 /* Assets.xcassets */ = {isa = PBXFileReference; lastKnownFileType = folder.assetcatalog; path = Assets.xcassets; sourceTree = "<group>"; };
		63679D93261385A4009393A2 /* Base */ = {isa = PBXFileReference; lastKnownFileType = file.storyboard; name = Base; path = Base.lproj/LaunchScreen.storyboard; sourceTree = "<group>"; };
		63679D95261385A4009393A2 /* Info.plist */ = {isa = PBXFileReference; lastKnownFileType = text.plist.xml; path = Info.plist; sourceTree = "<group>"; };
		63679D9D26138C0B009393A2 /*  ListClass.swift */ = {isa = PBXFileReference; lastKnownFileType = sourcecode.swift; path = " ListClass.swift"; sourceTree = "<group>"; };
		A49907785D16ABA4B0FA0EA3 /* Pods-diary.release.xcconfig */ = {isa = PBXFileReference; includeInIndex = 1; lastKnownFileType = text.xcconfig; name = "Pods-diary.release.xcconfig"; path = "Target Support Files/Pods-diary/Pods-diary.release.xcconfig"; sourceTree = "<group>"; };
		BD853708F2033A9808E7FE7D /* Pods-diary.debug.xcconfig */ = {isa = PBXFileReference; includeInIndex = 1; lastKnownFileType = text.xcconfig; name = "Pods-diary.debug.xcconfig"; path = "Target Support Files/Pods-diary/Pods-diary.debug.xcconfig"; sourceTree = "<group>"; };
		D83FEEB7CF003FBA83B8DA93 /* Pods_diary.framework */ = {isa = PBXFileReference; explicitFileType = wrapper.framework; includeInIndex = 0; path = Pods_diary.framework; sourceTree = BUILT_PRODUCTS_DIR; };
/* End PBXFileReference section */

/* Begin PBXFrameworksBuildPhase section */
		63679D81261385A2009393A2 /* Frameworks */ = {
			isa = PBXFrameworksBuildPhase;
			buildActionMask = 2147483647;
			files = (
				12277233EBD876231F9C320A /* Pods_diary.framework in Frameworks */,
			);
			runOnlyForDeploymentPostprocessing = 0;
		};
/* End PBXFrameworksBuildPhase section */

/* Begin PBXGroup section */
		63679D7B261385A2009393A2 = {
			isa = PBXGroup;
			children = (
				63679D86261385A2009393A2 /* diary */,
				63679D85261385A2009393A2 /* Products */,
				7CF7526D5C5672A6203615E6 /* Pods */,
				D4A1804B84245A64CD7FD991 /* Frameworks */,
			);
			sourceTree = "<group>";
		};
		63679D85261385A2009393A2 /* Products */ = {
			isa = PBXGroup;
			children = (
				63679D84261385A2009393A2 /* diary.app */,
			);
			name = Products;
			sourceTree = "<group>";
		};
		63679D86261385A2009393A2 /* diary */ = {
			isa = PBXGroup;
			children = (
				63679D87261385A2009393A2 /* AppDelegate.swift */,
				63679D89261385A2009393A2 /* SceneDelegate.swift */,
				63679D8B261385A2009393A2 /* ViewController.swift */,
				6303352D261529E000E9B303 /* NewListViewController.swift */,
				63679D9D26138C0B009393A2 /*  ListClass.swift */,
				630335162614EEAB00E9B303 /* CastomCell.swift */,
				630335212615110200E9B303 /* CalendarCell.swift */,
				6303352A261526A200E9B303 /* StorigeManager.swift */,
				630335192614EF1700E9B303 /* extension.swift */,
				63679D90261385A4009393A2 /* Assets.xcassets */,
				63679D92261385A4009393A2 /* LaunchScreen.storyboard */,
				63679D95261385A4009393A2 /* Info.plist */,
			);
			path = diary;
			sourceTree = "<group>";
		};
		7CF7526D5C5672A6203615E6 /* Pods */ = {
			isa = PBXGroup;
			children = (
				BD853708F2033A9808E7FE7D /* Pods-diary.debug.xcconfig */,
				A49907785D16ABA4B0FA0EA3 /* Pods-diary.release.xcconfig */,
			);
			path = Pods;
			sourceTree = "<group>";
		};
		D4A1804B84245A64CD7FD991 /* Frameworks */ = {
			isa = PBXGroup;
			children = (
				D83FEEB7CF003FBA83B8DA93 /* Pods_diary.framework */,
			);
			name = Frameworks;
			sourceTree = "<group>";
		};
/* End PBXGroup section */

/* Begin PBXNativeTarget section */
		63679D83261385A2009393A2 /* diary */ = {
			isa = PBXNativeTarget;
			buildConfigurationList = 63679D98261385A4009393A2 /* Build configuration list for PBXNativeTarget "diary" */;
			buildPhases = (
				C73037D969330F537931CD51 /* [CP] Check Pods Manifest.lock */,
				63679D80261385A2009393A2 /* Sources */,
				63679D81261385A2009393A2 /* Frameworks */,
				63679D82261385A2009393A2 /* Resources */,
				4CFE6E900918578AF7EDDF4A /* [CP] Embed Pods Frameworks */,
			);
			buildRules = (
			);
			dependencies = (
			);
			name = diary;
			productName = diary;
			productReference = 63679D84261385A2009393A2 /* diary.app */;
			productType = "com.apple.product-type.application";
		};
/* End PBXNativeTarget section */

/* Begin PBXProject section */
		63679D7C261385A2009393A2 /* Project object */ = {
			isa = PBXProject;
			attributes = {
				LastSwiftUpdateCheck = 1220;
				LastUpgradeCheck = 1220;
				TargetAttributes = {
					63679D83261385A2009393A2 = {
						CreatedOnToolsVersion = 12.2;
					};
				};
			};
			buildConfigurationList = 63679D7F261385A2009393A2 /* Build configuration list for PBXProject "diary" */;
			compatibilityVersion = "Xcode 9.3";
			developmentRegion = en;
			hasScannedForEncodings = 0;
			knownRegions = (
				en,
				Base,
			);
			mainGroup = 63679D7B261385A2009393A2;
			productRefGroup = 63679D85261385A2009393A2 /* Products */;
			projectDirPath = "";
			projectRoot = "";
			targets = (
				63679D83261385A2009393A2 /* diary */,
			);
		};
/* End PBXProject section */

/* Begin PBXResourcesBuildPhase section */
		63679D82261385A2009393A2 /* Resources */ = {
			isa = PBXResourcesBuildPhase;
			buildActionMask = 2147483647;
			files = (
				63679D94261385A4009393A2 /* LaunchScreen.storyboard in Resources */,
				63679D91261385A4009393A2 /* Assets.xcassets in Resources */,
			);
			runOnlyForDeploymentPostprocessing = 0;
		};
/* End PBXResourcesBuildPhase section */

/* Begin PBXShellScriptBuildPhase section */
		4CFE6E900918578AF7EDDF4A /* [CP] Embed Pods Frameworks */ = {
			isa = PBXShellScriptBuildPhase;
			buildActionMask = 2147483647;
			files = (
			);
			inputFileListPaths = (
				"${PODS_ROOT}/Target Support Files/Pods-diary/Pods-diary-frameworks-${CONFIGURATION}-input-files.xcfilelist",
			);
			name = "[CP] Embed Pods Frameworks";
			outputFileListPaths = (
				"${PODS_ROOT}/Target Support Files/Pods-diary/Pods-diary-frameworks-${CONFIGURATION}-output-files.xcfilelist",
			);
			runOnlyForDeploymentPostprocessing = 0;
			shellPath = /bin/sh;
			shellScript = "\"${PODS_ROOT}/Target Support Files/Pods-diary/Pods-diary-frameworks.sh\"\n";
			showEnvVarsInLog = 0;
		};
		C73037D969330F537931CD51 /* [CP] Check Pods Manifest.lock */ = {
			isa = PBXShellScriptBuildPhase;
			buildActionMask = 2147483647;
			files = (
			);
			inputFileListPaths = (
			);
			inputPaths = (
				"${PODS_PODFILE_DIR_PATH}/Podfile.lock",
				"${PODS_ROOT}/Manifest.lock",
			);
			name = "[CP] Check Pods Manifest.lock";
			outputFileListPaths = (
			);
			outputPaths = (
				"$(DERIVED_FILE_DIR)/Pods-diary-checkManifestLockResult.txt",
			);
			runOnlyForDeploymentPostprocessing = 0;
			shellPath = /bin/sh;
			shellScript = "diff \"${PODS_PODFILE_DIR_PATH}/Podfile.lock\" \"${PODS_ROOT}/Manifest.lock\" > /dev/null\nif [ $? != 0 ] ; then\n    # print error to STDERR\n    echo \"error: The sandbox is not in sync with the Podfile.lock. Run 'pod install' or update your CocoaPods installation.\" >&2\n    exit 1\nfi\n# This output is used by Xcode 'outputs' to avoid re-running this script phase.\necho \"SUCCESS\" > \"${SCRIPT_OUTPUT_FILE_0}\"\n";
			showEnvVarsInLog = 0;
		};
/* End PBXShellScriptBuildPhase section */

/* Begin PBXSourcesBuildPhase section */
		63679D80261385A2009393A2 /* Sources */ = {
			isa = PBXSourcesBuildPhase;
			buildActionMask = 2147483647;
			files = (
				63679D8C261385A2009393A2 /* ViewController.swift in Sources */,
				630335222615110200E9B303 /* CalendarCell.swift in Sources */,
				63679D9E26138C0B009393A2 /*  ListClass.swift in Sources */,
				6303352E261529E000E9B303 /* NewListViewController.swift in Sources */,
				630335172614EEAB00E9B303 /* CastomCell.swift in Sources */,
				6303351A2614EF1700E9B303 /* extension.swift in Sources */,
				63679D88261385A2009393A2 /* AppDelegate.swift in Sources */,
				63679D8A261385A2009393A2 /* SceneDelegate.swift in Sources */,
				6303352B261526A200E9B303 /* StorigeManager.swift in Sources */,
			);
			runOnlyForDeploymentPostprocessing = 0;
		};
/* End PBXSourcesBuildPhase section */

/* Begin PBXVariantGroup section */
		63679D92261385A4009393A2 /* LaunchScreen.storyboard */ = {
			isa = PBXVariantGroup;
			children = (
				63679D93261385A4009393A2 /* Base */,
			);
			name = LaunchScreen.storyboard;
			sourceTree = "<group>";
		};
/* End PBXVariantGroup section */

/* Begin XCBuildConfiguration section */
		63679D96261385A4009393A2 /* Debug */ = {
			isa = XCBuildConfiguration;
			buildSettings = {
				ALWAYS_SEARCH_USER_PATHS = NO;
				CLANG_ANALYZER_NONNULL = YES;
				CLANG_ANALYZER_NUMBER_OBJECT_CONVERSION = YES_AGGRESSIVE;
				CLANG_CXX_LANGUAGE_STANDARD = "gnu++14";
				CLANG_CXX_LIBRARY = "libc++";
				CLANG_ENABLE_MODULES = YES;
				CLANG_ENABLE_OBJC_ARC = YES;
				CLANG_ENABLE_OBJC_WEAK = YES;
				CLANG_WARN_BLOCK_CAPTURE_AUTORELEASING = YES;
				CLANG_WARN_BOOL_CONVERSION = YES;
				CLANG_WARN_COMMA = YES;
				CLANG_WARN_CONSTANT_CONVERSION = YES;
				CLANG_WARN_DEPRECATED_OBJC_IMPLEMENTATIONS = YES;
				CLANG_WARN_DIRECT_OBJC_ISA_USAGE = YES_ERROR;
				CLANG_WARN_DOCUMENTATION_COMMENTS = YES;
				CLANG_WARN_EMPTY_BODY = YES;
				CLANG_WARN_ENUM_CONVERSION = YES;
				CLANG_WARN_INFINITE_RECURSION = YES;
				CLANG_WARN_INT_CONVERSION = YES;
				CLANG_WARN_NON_LITERAL_NULL_CONVERSION = YES;
				CLANG_WARN_OBJC_IMPLICIT_RETAIN_SELF = YES;
				CLANG_WARN_OBJC_LITERAL_CONVERSION = YES;
				CLANG_WARN_OBJC_ROOT_CLASS = YES_ERROR;
				CLANG_WARN_QUOTED_INCLUDE_IN_FRAMEWORK_HEADER = YES;
				CLANG_WARN_RANGE_LOOP_ANALYSIS = YES;
				CLANG_WARN_STRICT_PROTOTYPES = YES;
				CLANG_WARN_SUSPICIOUS_MOVE = YES;
				CLANG_WARN_UNGUARDED_AVAILABILITY = YES_AGGRESSIVE;
				CLANG_WARN_UNREACHABLE_CODE = YES;
				CLANG_WARN__DUPLICATE_METHOD_MATCH = YES;
				COPY_PHASE_STRIP = NO;
				DEBUG_INFORMATION_FORMAT = dwarf;
				ENABLE_STRICT_OBJC_MSGSEND = YES;
				ENABLE_TESTABILITY = YES;
				GCC_C_LANGUAGE_STANDARD = gnu11;
				GCC_DYNAMIC_NO_PIC = NO;
				GCC_NO_COMMON_BLOCKS = YES;
				GCC_OPTIMIZATION_LEVEL = 0;
				GCC_PREPROCESSOR_DEFINITIONS = (
					"DEBUG=1",
					"$(inherited)",
				);
				GCC_WARN_64_TO_32_BIT_CONVERSION = YES;
				GCC_WARN_ABOUT_RETURN_TYPE = YES_ERROR;
				GCC_WARN_UNDECLARED_SELECTOR = YES;
				GCC_WARN_UNINITIALIZED_AUTOS = YES_AGGRESSIVE;
				GCC_WARN_UNUSED_FUNCTION = YES;
				GCC_WARN_UNUSED_VARIABLE = YES;
				IPHONEOS_DEPLOYMENT_TARGET = 14.2;
				MTL_ENABLE_DEBUG_INFO = INCLUDE_SOURCE;
				MTL_FAST_MATH = YES;
				ONLY_ACTIVE_ARCH = YES;
				SDKROOT = iphoneos;
				SWIFT_ACTIVE_COMPILATION_CONDITIONS = DEBUG;
				SWIFT_OPTIMIZATION_LEVEL = "-Onone";
			};
			name = Debug;
		};
		63679D97261385A4009393A2 /* Release */ = {
			isa = XCBuildConfiguration;
			buildSettings = {
				ALWAYS_SEARCH_USER_PATHS = NO;
				CLANG_ANALYZER_NONNULL = YES;
				CLANG_ANALYZER_NUMBER_OBJECT_CONVERSION = YES_AGGRESSIVE;
				CLANG_CXX_LANGUAGE_STANDARD = "gnu++14";
				CLANG_CXX_LIBRARY = "libc++";
				CLANG_ENABLE_MODULES = YES;
				CLANG_ENABLE_OBJC_ARC = YES;
				CLANG_ENABLE_OBJC_WEAK = YES;
				CLANG_WARN_BLOCK_CAPTURE_AUTORELEASING = YES;
				CLANG_WARN_BOOL_CONVERSION = YES;
				CLANG_WARN_COMMA = YES;
				CLANG_WARN_CONSTANT_CONVERSION = YES;
				CLANG_WARN_DEPRECATED_OBJC_IMPLEMENTATIONS = YES;
				CLANG_WARN_DIRECT_OBJC_ISA_USAGE = YES_ERROR;
				CLANG_WARN_DOCUMENTATION_COMMENTS = YES;
				CLANG_WARN_EMPTY_BODY = YES;
				CLANG_WARN_ENUM_CONVERSION = YES;
				CLANG_WARN_INFINITE_RECURSION = YES;
				CLANG_WARN_INT_CONVERSION = YES;
				CLANG_WARN_NON_LITERAL_NULL_CONVERSION = YES;
				CLANG_WARN_OBJC_IMPLICIT_RETAIN_SELF = YES;
				CLANG_WARN_OBJC_LITERAL_CONVERSION = YES;
				CLANG_WARN_OBJC_ROOT_CLASS = YES_ERROR;
				CLANG_WARN_QUOTED_INCLUDE_IN_FRAMEWORK_HEADER = YES;
				CLANG_WARN_RANGE_LOOP_ANALYSIS = YES;
				CLANG_WARN_STRICT_PROTOTYPES = YES;
				CLANG_WARN_SUSPICIOUS_MOVE = YES;
				CLANG_WARN_UNGUARDED_AVAILABILITY = YES_AGGRESSIVE;
				CLANG_WARN_UNREACHABLE_CODE = YES;
				CLANG_WARN__DUPLICATE_METHOD_MATCH = YES;
				COPY_PHASE_STRIP = NO;
				DEBUG_INFORMATION_FORMAT = "dwarf-with-dsym";
				ENABLE_NS_ASSERTIONS = NO;
				ENABLE_STRICT_OBJC_MSGSEND = YES;
				GCC_C_LANGUAGE_STANDARD = gnu11;
				GCC_NO_COMMON_BLOCKS = YES;
				GCC_WARN_64_TO_32_BIT_CONVERSION = YES;
				GCC_WARN_ABOUT_RETURN_TYPE = YES_ERROR;
				GCC_WARN_UNDECLARED_SELECTOR = YES;
				GCC_WARN_UNINITIALIZED_AUTOS = YES_AGGRESSIVE;
				GCC_WARN_UNUSED_FUNCTION = YES;
				GCC_WARN_UNUSED_VARIABLE = YES;
				IPHONEOS_DEPLOYMENT_TARGET = 14.2;
				MTL_ENABLE_DEBUG_INFO = NO;
				MTL_FAST_MATH = YES;
				SDKROOT = iphoneos;
				SWIFT_COMPILATION_MODE = wholemodule;
				SWIFT_OPTIMIZATION_LEVEL = "-O";
				VALIDATE_PRODUCT = YES;
			};
			name = Release;
		};
		63679D99261385A4009393A2 /* Debug */ = {
			isa = XCBuildConfiguration;
			baseConfigurationReference = BD853708F2033A9808E7FE7D /* Pods-diary.debug.xcconfig */;
			buildSettings = {
				ASSETCATALOG_COMPILER_APPICON_NAME = AppIcon;
				ASSETCATALOG_COMPILER_GLOBAL_ACCENT_COLOR_NAME = AccentColor;
				CODE_SIGN_STYLE = Automatic;
				DEVELOPMENT_TEAM = 3YGACN3ADP;
				INFOPLIST_FILE = diary/Info.plist;
				IPHONEOS_DEPLOYMENT_TARGET = 13.0;
				LD_RUNPATH_SEARCH_PATHS = (
					"$(inherited)",
					"@executable_path/Frameworks",
				);
				PRODUCT_BUNDLE_IDENTIFIER = "sanderos2008-yandex.ru.diary";
				PRODUCT_NAME = "$(TARGET_NAME)";
				SWIFT_VERSION = 5.0;
				TARGETED_DEVICE_FAMILY = "1,2";
			};
			name = Debug;
		};
		63679D9A261385A4009393A2 /* Release */ = {
			isa = XCBuildConfiguration;
			baseConfigurationReference = A49907785D16ABA4B0FA0EA3 /* Pods-diary.release.xcconfig */;
			buildSettings = {
				ASSETCATALOG_COMPILER_APPICON_NAME = AppIcon;
				ASSETCATALOG_COMPILER_GLOBAL_ACCENT_COLOR_NAME = AccentColor;
				CODE_SIGN_STYLE = Automatic;
				DEVELOPMENT_TEAM = 3YGACN3ADP;
				INFOPLIST_FILE = diary/Info.plist;
				IPHONEOS_DEPLOYMENT_TARGET = 13.0;
				LD_RUNPATH_SEARCH_PATHS = (
					"$(inherited)",
					"@executable_path/Frameworks",
				);
				PRODUCT_BUNDLE_IDENTIFIER = "sanderos2008-yandex.ru.diary";
				PRODUCT_NAME = "$(TARGET_NAME)";
				SWIFT_VERSION = 5.0;
				TARGETED_DEVICE_FAMILY = "1,2";
			};
			name = Release;
		};
/* End XCBuildConfiguration section */

/* Begin XCConfigurationList section */
		63679D7F261385A2009393A2 /* Build configuration list for PBXProject "diary" */ = {
			isa = XCConfigurationList;
			buildConfigurations = (
				63679D96261385A4009393A2 /* Debug */,
				63679D97261385A4009393A2 /* Release */,
			);
			defaultConfigurationIsVisible = 0;
			defaultConfigurationName = Release;
		};
		63679D98261385A4009393A2 /* Build configuration list for PBXNativeTarget "diary" */ = {
			isa = XCConfigurationList;
			buildConfigurations = (
				63679D99261385A4009393A2 /* Debug */,
				63679D9A261385A4009393A2 /* Release */,
			);
			defaultConfigurationIsVisible = 0;
			defaultConfigurationName = Release;
		};
/* End XCConfigurationList section */
	};
	rootObject = 63679D7C261385A2009393A2 /* Project object */;
}
